
Microsoft Visual Studio Solution File, Format Version 12.00
# Visual Studio Version 17
VisualStudioVersion = 17.6.33723.286
MinimumVisualStudioVersion = 10.0.40219.1
Project("{9A19103F-16F7-4668-BE54-9A1E7A4F7556}") = "Darkbulb", "Darkbulb.csproj", "{8E2B96C6-F3E0-4FEE-A9D4-B0BF4372C9E5}"
EndProject
Global
	GlobalSection(SolutionConfigurationPlatforms) = preSolution
		Debug|Any CPU = Debug|Any CPU
		Debug|ARM64 = Debug|ARM64
		Release|Any CPU = Release|Any CPU
		Release|ARM64 = Release|ARM64
	EndGlobalSection
	GlobalSection(ProjectConfigurationPlatforms) = postSolution
		{8E2B96C6-F3E0-4FEE-A9D4-B0BF4372C9E5}.Debug|Any CPU.ActiveCfg = Debug|Any CPU
		{8E2B96C6-F3E0-4FEE-A9D4-B0BF4372C9E5}.Debug|Any CPU.Build.0 = Debug|Any CPU
		{8E2B96C6-F3E0-4FEE-A9D4-B0BF4372C9E5}.Debug|ARM64.ActiveCfg = Debug|ARM64
		{8E2B96C6-F3E0-4FEE-A9D4-B0BF4372C9E5}.Debug|ARM64.Build.0 = Debug|ARM64
		{8E2B96C6-F3E0-4FEE-A9D4-B0BF4372C9E5}.Release|Any CPU.ActiveCfg = Release|Any CPU
		{8E2B96C6-F3E0-4FEE-A9D4-B0BF4372C9E5}.Release|Any CPU.Build.0 = Release|Any CPU
		{8E2B96C6-F3E0-4FEE-A9D4-B0BF4372C9E5}.Release|ARM64.ActiveCfg = Release|ARM64
		{8E2B96C6-F3E0-4FEE-A9D4-B0BF4372C9E5}.Release|ARM64.Build.0 = Release|ARM64
	EndGlobalSection
	GlobalSection(SolutionProperties) = preSolution
		HideSolutionNode = FALSE
	EndGlobalSection
	GlobalSection(ExtensibilityGlobals) = postSolution
		SolutionGuid = {CBE8981D-35F3-4654-99F9-0879272B4B95}
	EndGlobalSection
EndGlobal
